
Microsoft Visual Studio Solution File, Format Version 12.00
# Visual Studio Version 17
VisualStudioVersion = 17.3.32922.545
MinimumVisualStudioVersion = 10.0.40219.1
Project("{FAE04EC0-301F-11D3-BF4B-00C04F79EFBC}") = "ISIgr1_1", "ISIgr1_1\ISIgr1_1.csproj", "{ACEAE015-D3F6-41A6-B5BD-1DE60AC23E74}"
EndProject
Global
	GlobalSection(SolutionConfigurationPlatforms) = preSolution
		Debug|Any CPU = Debug|Any CPU
		Release|Any CPU = Release|Any CPU
	EndGlobalSection
	GlobalSection(ProjectConfigurationPlatforms) = postSolution
		{ACEAE015-D3F6-41A6-B5BD-1DE60AC23E74}.Debug|Any CPU.ActiveCfg = Debug|Any CPU
		{ACEAE015-D3F6-41A6-B5BD-1DE60AC23E74}.Debug|Any CPU.Build.0 = Debug|Any CPU
		{ACEAE015-D3F6-41A6-B5BD-1DE60AC23E74}.Release|Any CPU.ActiveCfg = Release|Any CPU
		{ACEAE015-D3F6-41A6-B5BD-1DE60AC23E74}.Release|Any CPU.Build.0 = Release|Any CPU
	EndGlobalSection
	GlobalSection(SolutionProperties) = preSolution
		HideSolutionNode = FALSE
	EndGlobalSection
	GlobalSection(ExtensibilityGlobals) = postSolution
		SolutionGuid = {FA5F205B-25EC-4133-96B4-0CD59966DEF5}
	EndGlobalSection
EndGlobal
